
Microsoft Visual Studio Solution File, Format Version 12.00
# Visual Studio Version 16
VisualStudioVersion = 16.0.29806.167
MinimumVisualStudioVersion = 10.0.40219.1
Project("{9A19103F-16F7-4668-BE54-9A1E7A4F7556}") = "Tut3", "Tut3\Tut3.csproj", "{800F80DF-41F7-4728-988D-C766285B7D26}"
EndProject
Project("{2150E333-8FDC-42A3-9474-1A3956D46DE8}") = "Solution Items", "Solution Items", "{D1947F93-4945-406A-8BCF-586F42495FF6}"
	ProjectSection(SolutionItems) = preProject
		.editorconfig = .editorconfig
	EndProjectSection
EndProject
Global
	GlobalSection(SolutionConfigurationPlatforms) = preSolution
		Debug|Any CPU = Debug|Any CPU
		Release|Any CPU = Release|Any CPU
	EndGlobalSection
	GlobalSection(ProjectConfigurationPlatforms) = postSolution
		{800F80DF-41F7-4728-988D-C766285B7D26}.Debug|Any CPU.ActiveCfg = Debug|Any CPU
		{800F80DF-41F7-4728-988D-C766285B7D26}.Debug|Any CPU.Build.0 = Debug|Any CPU
		{800F80DF-41F7-4728-988D-C766285B7D26}.Release|Any CPU.ActiveCfg = Release|Any CPU
		{800F80DF-41F7-4728-988D-C766285B7D26}.Release|Any CPU.Build.0 = Release|Any CPU
	EndGlobalSection
	GlobalSection(SolutionProperties) = preSolution
		HideSolutionNode = FALSE
	EndGlobalSection
	GlobalSection(ExtensibilityGlobals) = postSolution
		SolutionGuid = {7DA7D590-25DF-4967-A311-A13E962AEC6A}
	EndGlobalSection
EndGlobal
